
Microsoft Visual Studio Solution File, Format Version 12.00
# Visual Studio 15
VisualStudioVersion = 15.0.27703.2000
MinimumVisualStudioVersion = 10.0.40219.1
Project("{FAE04EC0-301F-11D3-BF4B-00C04F79EFBC}") = "SettingsActivityTest.Android", "SettingsActivityTest\SettingsActivityTest.Android\SettingsActivityTest.Android.csproj", "{F4A90264-8DFE-4F77-A3AE-FACE5F43F87B}"
EndProject
Project("{FAE04EC0-301F-11D3-BF4B-00C04F79EFBC}") = "SettingsActivityTest", "SettingsActivityTest\SettingsActivityTest\SettingsActivityTest.csproj", "{B93E0870-1055-47C5-B72C-DB1CE65970A1}"
EndProject
Global
	GlobalSection(SolutionConfigurationPlatforms) = preSolution
		Debug|Any CPU = Debug|Any CPU
		Release|Any CPU = Release|Any CPU
	EndGlobalSection
	GlobalSection(ProjectConfigurationPlatforms) = postSolution
		{F4A90264-8DFE-4F77-A3AE-FACE5F43F87B}.Debug|Any CPU.ActiveCfg = Debug|Any CPU
		{F4A90264-8DFE-4F77-A3AE-FACE5F43F87B}.Debug|Any CPU.Build.0 = Debug|Any CPU
		{F4A90264-8DFE-4F77-A3AE-FACE5F43F87B}.Debug|Any CPU.Deploy.0 = Debug|Any CPU
		{F4A90264-8DFE-4F77-A3AE-FACE5F43F87B}.Release|Any CPU.ActiveCfg = Release|Any CPU
		{F4A90264-8DFE-4F77-A3AE-FACE5F43F87B}.Release|Any CPU.Build.0 = Release|Any CPU
		{F4A90264-8DFE-4F77-A3AE-FACE5F43F87B}.Release|Any CPU.Deploy.0 = Release|Any CPU
		{B93E0870-1055-47C5-B72C-DB1CE65970A1}.Debug|Any CPU.ActiveCfg = Debug|Any CPU
		{B93E0870-1055-47C5-B72C-DB1CE65970A1}.Debug|Any CPU.Build.0 = Debug|Any CPU
		{B93E0870-1055-47C5-B72C-DB1CE65970A1}.Debug|Any CPU.Deploy.0 = Debug|Any CPU
		{B93E0870-1055-47C5-B72C-DB1CE65970A1}.Release|Any CPU.ActiveCfg = Release|Any CPU
		{B93E0870-1055-47C5-B72C-DB1CE65970A1}.Release|Any CPU.Build.0 = Release|Any CPU
		{B93E0870-1055-47C5-B72C-DB1CE65970A1}.Release|Any CPU.Deploy.0 = Release|Any CPU
	EndGlobalSection
	GlobalSection(SolutionProperties) = preSolution
		HideSolutionNode = FALSE
	EndGlobalSection
	GlobalSection(ExtensibilityGlobals) = postSolution
		SolutionGuid = {57FD0D6D-FD3A-471B-B828-2CE30EF3FBBF}
	EndGlobalSection
EndGlobal
